
Microsoft Visual Studio Solution File, Format Version 12.00
# Visual Studio Version 17
VisualStudioVersion = 17.8.34511.84
MinimumVisualStudioVersion = 10.0.40219.1
Project("{E53339B2-1760-4266-BCC7-CA923CBCF16C}") = "docker-compose", "docker-compose.dcproj", "{89D93816-BE5F-4886-8BCF-807EC0494674}"
EndProject
Project("{2150E333-8FDC-42A3-9474-1A3956D46DE8}") = "Solution Items", "Solution Items", "{A0C78B00-5F9B-4217-91EF-9ACA79233165}"
	ProjectSection(SolutionItems) = preProject
		.env = .env
	EndProjectSection
EndProject
Project("{9A19103F-16F7-4668-BE54-9A1E7A4F7556}") = "Microservice.CustomerAddress.Grpc", "Microservice.CustomerAddress.Grpc\Microservice.CustomerAddress.Grpc.csproj", "{CC468D9C-B24F-424C-ADD5-673F539B8D9A}"
EndProject
Global
	GlobalSection(SolutionConfigurationPlatforms) = preSolution
		Debug|Any CPU = Debug|Any CPU
		Release|Any CPU = Release|Any CPU
	EndGlobalSection
	GlobalSection(ProjectConfigurationPlatforms) = postSolution
		{89D93816-BE5F-4886-8BCF-807EC0494674}.Debug|Any CPU.ActiveCfg = Debug|Any CPU
		{89D93816-BE5F-4886-8BCF-807EC0494674}.Debug|Any CPU.Build.0 = Debug|Any CPU
		{89D93816-BE5F-4886-8BCF-807EC0494674}.Release|Any CPU.ActiveCfg = Release|Any CPU
		{89D93816-BE5F-4886-8BCF-807EC0494674}.Release|Any CPU.Build.0 = Release|Any CPU
		{CC468D9C-B24F-424C-ADD5-673F539B8D9A}.Debug|Any CPU.ActiveCfg = Debug|Any CPU
		{CC468D9C-B24F-424C-ADD5-673F539B8D9A}.Debug|Any CPU.Build.0 = Debug|Any CPU
		{CC468D9C-B24F-424C-ADD5-673F539B8D9A}.Release|Any CPU.ActiveCfg = Release|Any CPU
		{CC468D9C-B24F-424C-ADD5-673F539B8D9A}.Release|Any CPU.Build.0 = Release|Any CPU
	EndGlobalSection
	GlobalSection(SolutionProperties) = preSolution
		HideSolutionNode = FALSE
	EndGlobalSection
	GlobalSection(ExtensibilityGlobals) = postSolution
		SolutionGuid = {3FC4A834-C642-4E53-9929-08FF44CC8CDB}
	EndGlobalSection
EndGlobal
